// !$*UTF8*$!
{
	archiveVersion = 1;
	classes = {
	};
	objectVersion = 50;
	objects = {

/* Begin PBXBuildFile section */
		847B36B8274DFE7700729F58 /* AppDelegate.swift in Sources */ = {isa = PBXBuildFile; fileRef = 847B36B7274DFE7700729F58 /* AppDelegate.swift */; };
		847B36BA274DFE7700729F58 /* SceneDelegate.swift in Sources */ = {isa = PBXBuildFile; fileRef = 847B36B9274DFE7700729F58 /* SceneDelegate.swift */; };
		847B36BC274DFE7700729F58 /* ViewController.swift in Sources */ = {isa = PBXBuildFile; fileRef = 847B36BB274DFE7700729F58 /* ViewController.swift */; };
		847B36BF274DFE7700729F58 /* Main.storyboard in Resources */ = {isa = PBXBuildFile; fileRef = 847B36BD274DFE7700729F58 /* Main.storyboard */; };
		847B36C1274DFE7800729F58 /* Assets.xcassets in Resources */ = {isa = PBXBuildFile; fileRef = 847B36C0274DFE7800729F58 /* Assets.xcassets */; };
		847B36C4274DFE7800729F58 /* LaunchScreen.storyboard in Resources */ = {isa = PBXBuildFile; fileRef = 847B36C2274DFE7800729F58 /* LaunchScreen.storyboard */; };
		847B36CC274E4E5700729F58 /* HomeViewController.swift in Sources */ = {isa = PBXBuildFile; fileRef = 847B36CB274E4E5700729F58 /* HomeViewController.swift */; };
		847B37122766FBB400729F58 /* DataManager.swift in Sources */ = {isa = PBXBuildFile; fileRef = 847B37112766FBB400729F58 /* DataManager.swift */; };
		847B37142766FBFA00729F58 /* MainAssembly.swift in Sources */ = {isa = PBXBuildFile; fileRef = 847B37132766FBFA00729F58 /* MainAssembly.swift */; };
		847B37162766FCE100729F58 /* HomeViewModel.swift in Sources */ = {isa = PBXBuildFile; fileRef = 847B37152766FCE100729F58 /* HomeViewModel.swift */; };
/* End PBXBuildFile section */

/* Begin PBXFileReference section */
		847B36B4274DFE7700729F58 /* StrangeImplementationMVVM.app */ = {isa = PBXFileReference; explicitFileType = wrapper.application; includeInIndex = 0; path = StrangeImplementationMVVM.app; sourceTree = BUILT_PRODUCTS_DIR; };
		847B36B7274DFE7700729F58 /* AppDelegate.swift */ = {isa = PBXFileReference; lastKnownFileType = sourcecode.swift; path = AppDelegate.swift; sourceTree = "<group>"; };
		847B36B9274DFE7700729F58 /* SceneDelegate.swift */ = {isa = PBXFileReference; lastKnownFileType = sourcecode.swift; path = SceneDelegate.swift; sourceTree = "<group>"; };
		847B36BB274DFE7700729F58 /* ViewController.swift */ = {isa = PBXFileReference; lastKnownFileType = sourcecode.swift; path = ViewController.swift; sourceTree = "<group>"; };
		847B36BE274DFE7700729F58 /* Base */ = {isa = PBXFileReference; lastKnownFileType = file.storyboard; name = Base; path = Base.lproj/Main.storyboard; sourceTree = "<group>"; };
		847B36C0274DFE7800729F58 /* Assets.xcassets */ = {isa = PBXFileReference; lastKnownFileType = folder.assetcatalog; path = Assets.xcassets; sourceTree = "<group>"; };
		847B36C3274DFE7800729F58 /* Base */ = {isa = PBXFileReference; lastKnownFileType = file.storyboard; name = Base; path = Base.lproj/LaunchScreen.storyboard; sourceTree = "<group>"; };
		847B36C5274DFE7800729F58 /* Info.plist */ = {isa = PBXFileReference; lastKnownFileType = text.plist.xml; path = Info.plist; sourceTree = "<group>"; };
		847B36CB274E4E5700729F58 /* HomeViewController.swift */ = {isa = PBXFileReference; lastKnownFileType = sourcecode.swift; path = HomeViewController.swift; sourceTree = "<group>"; };
		847B37112766FBB400729F58 /* DataManager.swift */ = {isa = PBXFileReference; lastKnownFileType = sourcecode.swift; path = DataManager.swift; sourceTree = "<group>"; };
		847B37132766FBFA00729F58 /* MainAssembly.swift */ = {isa = PBXFileReference; lastKnownFileType = sourcecode.swift; path = MainAssembly.swift; sourceTree = "<group>"; };
		847B37152766FCE100729F58 /* HomeViewModel.swift */ = {isa = PBXFileReference; lastKnownFileType = sourcecode.swift; path = HomeViewModel.swift; sourceTree = "<group>"; };
/* End PBXFileReference section */

/* Begin PBXFrameworksBuildPhase section */
		847B36B1274DFE7700729F58 /* Frameworks */ = {
			isa = PBXFrameworksBuildPhase;
			buildActionMask = 2147483647;
			files = (
			);
			runOnlyForDeploymentPostprocessing = 0;
		};
/* End PBXFrameworksBuildPhase section */

/* Begin PBXGroup section */
		847B36AB274DFE7700729F58 = {
			isa = PBXGroup;
			children = (
				847B36B6274DFE7700729F58 /* StrangeImplementationMVVM */,
				847B36B5274DFE7700729F58 /* Products */,
			);
			sourceTree = "<group>";
		};
		847B36B5274DFE7700729F58 /* Products */ = {
			isa = PBXGroup;
			children = (
				847B36B4274DFE7700729F58 /* StrangeImplementationMVVM.app */,
			);
			name = Products;
			sourceTree = "<group>";
		};
		847B36B6274DFE7700729F58 /* StrangeImplementationMVVM */ = {
			isa = PBXGroup;
			children = (
				847B36B7274DFE7700729F58 /* AppDelegate.swift */,
				847B36B9274DFE7700729F58 /* SceneDelegate.swift */,
				847B37102766FAFF00729F58 /* MVVM in storyboard */,
				847B370F2766FAD900729F58 /* Home MVVM  */,
				847B36BD274DFE7700729F58 /* Main.storyboard */,
				847B36C0274DFE7800729F58 /* Assets.xcassets */,
				847B36C2274DFE7800729F58 /* LaunchScreen.storyboard */,
				847B36C5274DFE7800729F58 /* Info.plist */,
			);
			path = StrangeImplementationMVVM;
			sourceTree = "<group>";
		};
		847B370F2766FAD900729F58 /* Home MVVM  */ = {
			isa = PBXGroup;
			children = (
				847B36CB274E4E5700729F58 /* HomeViewController.swift */,
				847B37112766FBB400729F58 /* DataManager.swift */,
				847B37152766FCE100729F58 /* HomeViewModel.swift */,
				847B37132766FBFA00729F58 /* MainAssembly.swift */,
			);
			path = "Home MVVM ";
			sourceTree = "<group>";
		};
		847B37102766FAFF00729F58 /* MVVM in storyboard */ = {
			isa = PBXGroup;
			children = (
				847B36BB274DFE7700729F58 /* ViewController.swift */,
			);
			path = "MVVM in storyboard";
			sourceTree = "<group>";
		};
/* End PBXGroup section */

/* Begin PBXNativeTarget section */
		847B36B3274DFE7700729F58 /* StrangeImplementationMVVM */ = {
			isa = PBXNativeTarget;
			buildConfigurationList = 847B36C8274DFE7800729F58 /* Build configuration list for PBXNativeTarget "StrangeImplementationMVVM" */;
			buildPhases = (
				847B36B0274DFE7700729F58 /* Sources */,
				847B36B1274DFE7700729F58 /* Frameworks */,
				847B36B2274DFE7700729F58 /* Resources */,
			);
			buildRules = (
			);
			dependencies = (
			);
			name = StrangeImplementationMVVM;
			productName = StrangeImplementationMVVM;
			productReference = 847B36B4274DFE7700729F58 /* StrangeImplementationMVVM.app */;
			productType = "com.apple.product-type.application";
		};
/* End PBXNativeTarget section */

/* Begin PBXProject section */
		847B36AC274DFE7700729F58 /* Project object */ = {
			isa = PBXProject;
			attributes = {
				LastSwiftUpdateCheck = 1250;
				LastUpgradeCheck = 1250;
				TargetAttributes = {
					847B36B3274DFE7700729F58 = {
						CreatedOnToolsVersion = 12.5.1;
					};
				};
			};
			buildConfigurationList = 847B36AF274DFE7700729F58 /* Build configuration list for PBXProject "StrangeImplementationMVVM" */;
			compatibilityVersion = "Xcode 9.3";
			developmentRegion = en;
			hasScannedForEncodings = 0;
			knownRegions = (
				en,
				Base,
			);
			mainGroup = 847B36AB274DFE7700729F58;
			productRefGroup = 847B36B5274DFE7700729F58 /* Products */;
			projectDirPath = "";
			projectRoot = "";
			targets = (
				847B36B3274DFE7700729F58 /* StrangeImplementationMVVM */,
			);
		};
/* End PBXProject section */

/* Begin PBXResourcesBuildPhase section */
		847B36B2274DFE7700729F58 /* Resources */ = {
			isa = PBXResourcesBuildPhase;
			buildActionMask = 2147483647;
			files = (
				847B36C4274DFE7800729F58 /* LaunchScreen.storyboard in Resources */,
				847B36C1274DFE7800729F58 /* Assets.xcassets in Resources */,
				847B36BF274DFE7700729F58 /* Main.storyboard in Resources */,
			);
			runOnlyForDeploymentPostprocessing = 0;
		};
/* End PBXResourcesBuildPhase section */

/* Begin PBXSourcesBuildPhase section */
		847B36B0274DFE7700729F58 /* Sources */ = {
			isa = PBXSourcesBuildPhase;
			buildActionMask = 2147483647;
			files = (
				847B36BC274DFE7700729F58 /* ViewController.swift in Sources */,
				847B37122766FBB400729F58 /* DataManager.swift in Sources */,
				847B37162766FCE100729F58 /* HomeViewModel.swift in Sources */,
				847B36B8274DFE7700729F58 /* AppDelegate.swift in Sources */,
				847B36BA274DFE7700729F58 /* SceneDelegate.swift in Sources */,
				847B37142766FBFA00729F58 /* MainAssembly.swift in Sources */,
				847B36CC274E4E5700729F58 /* HomeViewController.swift in Sources */,
			);
			runOnlyForDeploymentPostprocessing = 0;
		};
/* End PBXSourcesBuildPhase section */

/* Begin PBXVariantGroup section */
		847B36BD274DFE7700729F58 /* Main.storyboard */ = {
			isa = PBXVariantGroup;
			children = (
				847B36BE274DFE7700729F58 /* Base */,
			);
			name = Main.storyboard;
			sourceTree = "<group>";
		};
		847B36C2274DFE7800729F58 /* LaunchScreen.storyboard */ = {
			isa = PBXVariantGroup;
			children = (
				847B36C3274DFE7800729F58 /* Base */,
			);
			name = LaunchScreen.storyboard;
			sourceTree = "<group>";
		};
/* End PBXVariantGroup section */

/* Begin XCBuildConfiguration section */
		847B36C6274DFE7800729F58 /* Debug */ = {
			isa = XCBuildConfiguration;
			buildSettings = {
				ALWAYS_SEARCH_USER_PATHS = NO;
				CLANG_ANALYZER_NONNULL = YES;
				CLANG_ANALYZER_NUMBER_OBJECT_CONVERSION = YES_AGGRESSIVE;
				CLANG_CXX_LANGUAGE_STANDARD = "gnu++14";
				CLANG_CXX_LIBRARY = "libc++";
				CLANG_ENABLE_MODULES = YES;
				CLANG_ENABLE_OBJC_ARC = YES;
				CLANG_ENABLE_OBJC_WEAK = YES;
				CLANG_WARN_BLOCK_CAPTURE_AUTORELEASING = YES;
				CLANG_WARN_BOOL_CONVERSION = YES;
				CLANG_WARN_COMMA = YES;
				CLANG_WARN_CONSTANT_CONVERSION = YES;
				CLANG_WARN_DEPRECATED_OBJC_IMPLEMENTATIONS = YES;
				CLANG_WARN_DIRECT_OBJC_ISA_USAGE = YES_ERROR;
				CLANG_WARN_DOCUMENTATION_COMMENTS = YES;
				CLANG_WARN_EMPTY_BODY = YES;
				CLANG_WARN_ENUM_CONVERSION = YES;
				CLANG_WARN_INFINITE_RECURSION = YES;
				CLANG_WARN_INT_CONVERSION = YES;
				CLANG_WARN_NON_LITERAL_NULL_CONVERSION = YES;
				CLANG_WARN_OBJC_IMPLICIT_RETAIN_SELF = YES;
				CLANG_WARN_OBJC_LITERAL_CONVERSION = YES;
				CLANG_WARN_OBJC_ROOT_CLASS = YES_ERROR;
				CLANG_WARN_QUOTED_INCLUDE_IN_FRAMEWORK_HEADER = YES;
				CLANG_WARN_RANGE_LOOP_ANALYSIS = YES;
				CLANG_WARN_STRICT_PROTOTYPES = YES;
				CLANG_WARN_SUSPICIOUS_MOVE = YES;
				CLANG_WARN_UNGUARDED_AVAILABILITY = YES_AGGRESSIVE;
				CLANG_WARN_UNREACHABLE_CODE = YES;
				CLANG_WARN__DUPLICATE_METHOD_MATCH = YES;
				COPY_PHASE_STRIP = NO;
				DEBUG_INFORMATION_FORMAT = dwarf;
				ENABLE_STRICT_OBJC_MSGSEND = YES;
				ENABLE_TESTABILITY = YES;
				GCC_C_LANGUAGE_STANDARD = gnu11;
				GCC_DYNAMIC_NO_PIC = NO;
				GCC_NO_COMMON_BLOCKS = YES;
				GCC_OPTIMIZATION_LEVEL = 0;
				GCC_PREPROCESSOR_DEFINITIONS = (
					"DEBUG=1",
					"$(inherited)",
				);
				GCC_WARN_64_TO_32_BIT_CONVERSION = YES;
				GCC_WARN_ABOUT_RETURN_TYPE = YES_ERROR;
				GCC_WARN_UNDECLARED_SELECTOR = YES;
				GCC_WARN_UNINITIALIZED_AUTOS = YES_AGGRESSIVE;
				GCC_WARN_UNUSED_FUNCTION = YES;
				GCC_WARN_UNUSED_VARIABLE = YES;
				IPHONEOS_DEPLOYMENT_TARGET = 14.5;
				MTL_ENABLE_DEBUG_INFO = INCLUDE_SOURCE;
				MTL_FAST_MATH = YES;
				ONLY_ACTIVE_ARCH = YES;
				SDKROOT = iphoneos;
				SWIFT_ACTIVE_COMPILATION_CONDITIONS = DEBUG;
				SWIFT_OPTIMIZATION_LEVEL = "-Onone";
			};
			name = Debug;
		};
		847B36C7274DFE7800729F58 /* Release */ = {
			isa = XCBuildConfiguration;
			buildSettings = {
				ALWAYS_SEARCH_USER_PATHS = NO;
				CLANG_ANALYZER_NONNULL = YES;
				CLANG_ANALYZER_NUMBER_OBJECT_CONVERSION = YES_AGGRESSIVE;
				CLANG_CXX_LANGUAGE_STANDARD = "gnu++14";
				CLANG_CXX_LIBRARY = "libc++";
				CLANG_ENABLE_MODULES = YES;
				CLANG_ENABLE_OBJC_ARC = YES;
				CLANG_ENABLE_OBJC_WEAK = YES;
				CLANG_WARN_BLOCK_CAPTURE_AUTORELEASING = YES;
				CLANG_WARN_BOOL_CONVERSION = YES;
				CLANG_WARN_COMMA = YES;
				CLANG_WARN_CONSTANT_CONVERSION = YES;
				CLANG_WARN_DEPRECATED_OBJC_IMPLEMENTATIONS = YES;
				CLANG_WARN_DIRECT_OBJC_ISA_USAGE = YES_ERROR;
				CLANG_WARN_DOCUMENTATION_COMMENTS = YES;
				CLANG_WARN_EMPTY_BODY = YES;
				CLANG_WARN_ENUM_CONVERSION = YES;
				CLANG_WARN_INFINITE_RECURSION = YES;
				CLANG_WARN_INT_CONVERSION = YES;
				CLANG_WARN_NON_LITERAL_NULL_CONVERSION = YES;
				CLANG_WARN_OBJC_IMPLICIT_RETAIN_SELF = YES;
				CLANG_WARN_OBJC_LITERAL_CONVERSION = YES;
				CLANG_WARN_OBJC_ROOT_CLASS = YES_ERROR;
				CLANG_WARN_QUOTED_INCLUDE_IN_FRAMEWORK_HEADER = YES;
				CLANG_WARN_RANGE_LOOP_ANALYSIS = YES;
				CLANG_WARN_STRICT_PROTOTYPES = YES;
				CLANG_WARN_SUSPICIOUS_MOVE = YES;
				CLANG_WARN_UNGUARDED_AVAILABILITY = YES_AGGRESSIVE;
				CLANG_WARN_UNREACHABLE_CODE = YES;
				CLANG_WARN__DUPLICATE_METHOD_MATCH = YES;
				COPY_PHASE_STRIP = NO;
				DEBUG_INFORMATION_FORMAT = "dwarf-with-dsym";
				ENABLE_NS_ASSERTIONS = NO;
				ENABLE_STRICT_OBJC_MSGSEND = YES;
				GCC_C_LANGUAGE_STANDARD = gnu11;
				GCC_NO_COMMON_BLOCKS = YES;
				GCC_WARN_64_TO_32_BIT_CONVERSION = YES;
				GCC_WARN_ABOUT_RETURN_TYPE = YES_ERROR;
				GCC_WARN_UNDECLARED_SELECTOR = YES;
				GCC_WARN_UNINITIALIZED_AUTOS = YES_AGGRESSIVE;
				GCC_WARN_UNUSED_FUNCTION = YES;
				GCC_WARN_UNUSED_VARIABLE = YES;
				IPHONEOS_DEPLOYMENT_TARGET = 14.5;
				MTL_ENABLE_DEBUG_INFO = NO;
				MTL_FAST_MATH = YES;
				SDKROOT = iphoneos;
				SWIFT_COMPILATION_MODE = wholemodule;
				SWIFT_OPTIMIZATION_LEVEL = "-O";
				VALIDATE_PRODUCT = YES;
			};
			name = Release;
		};
		847B36C9274DFE7800729F58 /* Debug */ = {
			isa = XCBuildConfiguration;
			buildSettings = {
				ASSETCATALOG_COMPILER_APPICON_NAME = AppIcon;
				ASSETCATALOG_COMPILER_GLOBAL_ACCENT_COLOR_NAME = AccentColor;
				CODE_SIGN_STYLE = Automatic;
				DEVELOPMENT_TEAM = PZRD3MXDYZ;
				INFOPLIST_FILE = StrangeImplementationMVVM/Info.plist;
				LD_RUNPATH_SEARCH_PATHS = (
					"$(inherited)",
					"@executable_path/Frameworks",
				);
				PRODUCT_BUNDLE_IDENTIFIER = testPavel.StrangeImplementationMVVM;
				PRODUCT_NAME = "$(TARGET_NAME)";
				SWIFT_VERSION = 5.0;
				TARGETED_DEVICE_FAMILY = "1,2";
			};
			name = Debug;
		};
		847B36CA274DFE7800729F58 /* Release */ = {
			isa = XCBuildConfiguration;
			buildSettings = {
				ASSETCATALOG_COMPILER_APPICON_NAME = AppIcon;
				ASSETCATALOG_COMPILER_GLOBAL_ACCENT_COLOR_NAME = AccentColor;
				CODE_SIGN_STYLE = Automatic;
				DEVELOPMENT_TEAM = PZRD3MXDYZ;
				INFOPLIST_FILE = StrangeImplementationMVVM/Info.plist;
				LD_RUNPATH_SEARCH_PATHS = (
					"$(inherited)",
					"@executable_path/Frameworks",
				);
				PRODUCT_BUNDLE_IDENTIFIER = testPavel.StrangeImplementationMVVM;
				PRODUCT_NAME = "$(TARGET_NAME)";
				SWIFT_VERSION = 5.0;
				TARGETED_DEVICE_FAMILY = "1,2";
			};
			name = Release;
		};
/* End XCBuildConfiguration section */

/* Begin XCConfigurationList section */
		847B36AF274DFE7700729F58 /* Build configuration list for PBXProject "StrangeImplementationMVVM" */ = {
			isa = XCConfigurationList;
			buildConfigurations = (
				847B36C6274DFE7800729F58 /* Debug */,
				847B36C7274DFE7800729F58 /* Release */,
			);
			defaultConfigurationIsVisible = 0;
			defaultConfigurationName = Release;
		};
		847B36C8274DFE7800729F58 /* Build configuration list for PBXNativeTarget "StrangeImplementationMVVM" */ = {
			isa = XCConfigurationList;
			buildConfigurations = (
				847B36C9274DFE7800729F58 /* Debug */,
				847B36CA274DFE7800729F58 /* Release */,
			);
			defaultConfigurationIsVisible = 0;
			defaultConfigurationName = Release;
		};
/* End XCConfigurationList section */
	};
	rootObject = 847B36AC274DFE7700729F58 /* Project object */;
}
